
Microsoft Visual Studio Solution File, Format Version 12.00
# Visual Studio Version 17
VisualStudioVersion = 17.0.31903.59
MinimumVisualStudioVersion = 10.0.40219.1
Project("{FAE04EC0-301F-11D3-BF4B-00C04F79EFBC}") = "Black.Zinc.Spitz.Api", "Black.Zinc.Spitz.Api\Black.Zinc.Spitz.Api.csproj", "{3644B5EB-6BCD-4D16-914A-F70D980793FD}"
EndProject
Project("{FAE04EC0-301F-11D3-BF4B-00C04F79EFBC}") = "Black.Zinc.Spitz.Domain", "Black.Zinc.Spitz.Domain\Black.Zinc.Spitz.Domain.csproj", "{A8A9424F-6114-4B72-BD97-BFA98CD05E24}"
EndProject
Project("{FAE04EC0-301F-11D3-BF4B-00C04F79EFBC}") = "Black.Zinc.Spitz.Data", "Black.Zinc.Spitz.Data\Black.Zinc.Spitz.Data.csproj", "{8B49C0ED-9040-4FAB-86F6-68F0DEBB9C83}"
EndProject
Global
	GlobalSection(SolutionConfigurationPlatforms) = preSolution
		Debug|Any CPU = Debug|Any CPU
		Release|Any CPU = Release|Any CPU
	EndGlobalSection
	GlobalSection(SolutionProperties) = preSolution
		HideSolutionNode = FALSE
	EndGlobalSection
	GlobalSection(ProjectConfigurationPlatforms) = postSolution
		{3644B5EB-6BCD-4D16-914A-F70D980793FD}.Debug|Any CPU.ActiveCfg = Debug|Any CPU
		{3644B5EB-6BCD-4D16-914A-F70D980793FD}.Debug|Any CPU.Build.0 = Debug|Any CPU
		{3644B5EB-6BCD-4D16-914A-F70D980793FD}.Release|Any CPU.ActiveCfg = Release|Any CPU
		{3644B5EB-6BCD-4D16-914A-F70D980793FD}.Release|Any CPU.Build.0 = Release|Any CPU
		{A8A9424F-6114-4B72-BD97-BFA98CD05E24}.Debug|Any CPU.ActiveCfg = Debug|Any CPU
		{A8A9424F-6114-4B72-BD97-BFA98CD05E24}.Debug|Any CPU.Build.0 = Debug|Any CPU
		{A8A9424F-6114-4B72-BD97-BFA98CD05E24}.Release|Any CPU.ActiveCfg = Release|Any CPU
		{A8A9424F-6114-4B72-BD97-BFA98CD05E24}.Release|Any CPU.Build.0 = Release|Any CPU
		{8B49C0ED-9040-4FAB-86F6-68F0DEBB9C83}.Debug|Any CPU.ActiveCfg = Debug|Any CPU
		{8B49C0ED-9040-4FAB-86F6-68F0DEBB9C83}.Debug|Any CPU.Build.0 = Debug|Any CPU
		{8B49C0ED-9040-4FAB-86F6-68F0DEBB9C83}.Release|Any CPU.ActiveCfg = Release|Any CPU
		{8B49C0ED-9040-4FAB-86F6-68F0DEBB9C83}.Release|Any CPU.Build.0 = Release|Any CPU
	EndGlobalSection
EndGlobal
