
Microsoft Visual Studio Solution File, Format Version 12.00
# Visual Studio Version 17
VisualStudioVersion = 17.0.31903.59
MinimumVisualStudioVersion = 10.0.40219.1
Project("{FAE04EC0-301F-11D3-BF4B-00C04F79EFBC}") = "Project-Wild-Trombone.Api", "Project-Wild-Trombone.Api\Project-Wild-Trombone.Api.csproj", "{2E5D39AD-6999-45E2-8C06-70267A5CBB1E}"
EndProject
Project("{FAE04EC0-301F-11D3-BF4B-00C04F79EFBC}") = "Project-Wild-Trombone.Domain", "Project-Wild-Trombone.Domain\Project-Wild-Trombone.Domain.csproj", "{21C72DD6-B0D6-4D36-AE19-BC5E16B0CD0A}"
EndProject
Global
	GlobalSection(SolutionConfigurationPlatforms) = preSolution
		Debug|Any CPU = Debug|Any CPU
		Release|Any CPU = Release|Any CPU
	EndGlobalSection
	GlobalSection(SolutionProperties) = preSolution
		HideSolutionNode = FALSE
	EndGlobalSection
	GlobalSection(ProjectConfigurationPlatforms) = postSolution
		{2E5D39AD-6999-45E2-8C06-70267A5CBB1E}.Debug|Any CPU.ActiveCfg = Debug|Any CPU
		{2E5D39AD-6999-45E2-8C06-70267A5CBB1E}.Debug|Any CPU.Build.0 = Debug|Any CPU
		{2E5D39AD-6999-45E2-8C06-70267A5CBB1E}.Release|Any CPU.ActiveCfg = Release|Any CPU
		{2E5D39AD-6999-45E2-8C06-70267A5CBB1E}.Release|Any CPU.Build.0 = Release|Any CPU
		{21C72DD6-B0D6-4D36-AE19-BC5E16B0CD0A}.Debug|Any CPU.ActiveCfg = Debug|Any CPU
		{21C72DD6-B0D6-4D36-AE19-BC5E16B0CD0A}.Debug|Any CPU.Build.0 = Debug|Any CPU
		{21C72DD6-B0D6-4D36-AE19-BC5E16B0CD0A}.Release|Any CPU.ActiveCfg = Release|Any CPU
		{21C72DD6-B0D6-4D36-AE19-BC5E16B0CD0A}.Release|Any CPU.Build.0 = Release|Any CPU
	EndGlobalSection
EndGlobal
